// !$*UTF8*$!
{
	archiveVersion = 1;
	classes = {
	};
	objectVersion = 56;
	objects = {

/* Begin PBXBuildFile section */
		5FE8EA952B584E5800B78B48 /* AppDelegate.swift in Sources */ = {isa = PBXBuildFile; fileRef = 5FE8EA942B584E5800B78B48 /* AppDelegate.swift */; };
		5FE8EA972B584E5800B78B48 /* SceneDelegate.swift in Sources */ = {isa = PBXBuildFile; fileRef = 5FE8EA962B584E5800B78B48 /* SceneDelegate.swift */; };
		5FE8EA9E2B584E5900B78B48 /* Assets.xcassets in Resources */ = {isa = PBXBuildFile; fileRef = 5FE8EA9D2B584E5900B78B48 /* Assets.xcassets */; };
		5FE8EAA12B584E5900B78B48 /* LaunchScreen.storyboard in Resources */ = {isa = PBXBuildFile; fileRef = 5FE8EA9F2B584E5900B78B48 /* LaunchScreen.storyboard */; };
		5FE8EAAC2B584E5900B78B48 /* QuestionStackTests.swift in Sources */ = {isa = PBXBuildFile; fileRef = 5FE8EAAB2B584E5900B78B48 /* QuestionStackTests.swift */; };
		5FE8EAB62B584E5900B78B48 /* QuestionStackUITests.swift in Sources */ = {isa = PBXBuildFile; fileRef = 5FE8EAB52B584E5900B78B48 /* QuestionStackUITests.swift */; };
		5FE8EAB82B584E5900B78B48 /* QuestionStackUITestsLaunchTests.swift in Sources */ = {isa = PBXBuildFile; fileRef = 5FE8EAB72B584E5900B78B48 /* QuestionStackUITestsLaunchTests.swift */; };
		5FE8EACF2B584FE700B78B48 /* HomeViewController.swift in Sources */ = {isa = PBXBuildFile; fileRef = 5FE8EACE2B584FE700B78B48 /* HomeViewController.swift */; };
		5FE8EAD22B58504A00B78B48 /* SnapKit in Frameworks */ = {isa = PBXBuildFile; productRef = 5FE8EAD12B58504A00B78B48 /* SnapKit */; };
		5FE8EAD42B585E6A00B78B48 /* NetworkManager.swift in Sources */ = {isa = PBXBuildFile; fileRef = 5FE8EAD32B585E6A00B78B48 /* NetworkManager.swift */; };
		5FE8EAD62B585E8800B78B48 /* APIEndPoint.swift in Sources */ = {isa = PBXBuildFile; fileRef = 5FE8EAD52B585E8800B78B48 /* APIEndPoint.swift */; };
		5FE8EAD82B59062A00B78B48 /* QuestionModel.swift in Sources */ = {isa = PBXBuildFile; fileRef = 5FE8EAD72B59062A00B78B48 /* QuestionModel.swift */; };
		5FE8EADD2B591ECA00B78B48 /* QuestionAnswerModel.swift in Sources */ = {isa = PBXBuildFile; fileRef = 5FE8EADC2B591ECA00B78B48 /* QuestionAnswerModel.swift */; };
		5FE8EADF2B59234900B78B48 /* HomeViewModel.swift in Sources */ = {isa = PBXBuildFile; fileRef = 5FE8EADE2B59234900B78B48 /* HomeViewModel.swift */; };
		5FE8EAE62B5A33A200B78B48 /* HomeViewModelContracts.swift in Sources */ = {isa = PBXBuildFile; fileRef = 5FE8EAE52B5A33A200B78B48 /* HomeViewModelContracts.swift */; };
		5FE8EAE82B5A61B500B78B48 /* AppTypealias.swift in Sources */ = {isa = PBXBuildFile; fileRef = 5FE8EAE72B5A61B500B78B48 /* AppTypealias.swift */; };
		5FE8EAEA2B5A648700B78B48 /* HomeTableViewCell.swift in Sources */ = {isa = PBXBuildFile; fileRef = 5FE8EAE92B5A648700B78B48 /* HomeTableViewCell.swift */; };
		5FE8EAED2B5A98E800B78B48 /* SDWebImage in Frameworks */ = {isa = PBXBuildFile; productRef = 5FE8EAEC2B5A98E800B78B48 /* SDWebImage */; };
/* End PBXBuildFile section */

/* Begin PBXContainerItemProxy section */
		5FE8EAA82B584E5900B78B48 /* PBXContainerItemProxy */ = {
			isa = PBXContainerItemProxy;
			containerPortal = 5FE8EA892B584E5800B78B48 /* Project object */;
			proxyType = 1;
			remoteGlobalIDString = 5FE8EA902B584E5800B78B48;
			remoteInfo = QuestionStack;
		};
		5FE8EAB22B584E5900B78B48 /* PBXContainerItemProxy */ = {
			isa = PBXContainerItemProxy;
			containerPortal = 5FE8EA892B584E5800B78B48 /* Project object */;
			proxyType = 1;
			remoteGlobalIDString = 5FE8EA902B584E5800B78B48;
			remoteInfo = QuestionStack;
		};
/* End PBXContainerItemProxy section */

/* Begin PBXFileReference section */
		5FE8EA912B584E5800B78B48 /* QuestionStack.app */ = {isa = PBXFileReference; explicitFileType = wrapper.application; includeInIndex = 0; path = QuestionStack.app; sourceTree = BUILT_PRODUCTS_DIR; };
		5FE8EA942B584E5800B78B48 /* AppDelegate.swift */ = {isa = PBXFileReference; lastKnownFileType = sourcecode.swift; path = AppDelegate.swift; sourceTree = "<group>"; };
		5FE8EA962B584E5800B78B48 /* SceneDelegate.swift */ = {isa = PBXFileReference; lastKnownFileType = sourcecode.swift; path = SceneDelegate.swift; sourceTree = "<group>"; };
		5FE8EA9D2B584E5900B78B48 /* Assets.xcassets */ = {isa = PBXFileReference; lastKnownFileType = folder.assetcatalog; path = Assets.xcassets; sourceTree = "<group>"; };
		5FE8EAA02B584E5900B78B48 /* Base */ = {isa = PBXFileReference; lastKnownFileType = file.storyboard; name = Base; path = Base.lproj/LaunchScreen.storyboard; sourceTree = "<group>"; };
		5FE8EAA22B584E5900B78B48 /* Info.plist */ = {isa = PBXFileReference; lastKnownFileType = text.plist.xml; path = Info.plist; sourceTree = "<group>"; };
		5FE8EAA72B584E5900B78B48 /* QuestionStackTests.xctest */ = {isa = PBXFileReference; explicitFileType = wrapper.cfbundle; includeInIndex = 0; path = QuestionStackTests.xctest; sourceTree = BUILT_PRODUCTS_DIR; };
		5FE8EAAB2B584E5900B78B48 /* QuestionStackTests.swift */ = {isa = PBXFileReference; lastKnownFileType = sourcecode.swift; path = QuestionStackTests.swift; sourceTree = "<group>"; };
		5FE8EAB12B584E5900B78B48 /* QuestionStackUITests.xctest */ = {isa = PBXFileReference; explicitFileType = wrapper.cfbundle; includeInIndex = 0; path = QuestionStackUITests.xctest; sourceTree = BUILT_PRODUCTS_DIR; };
		5FE8EAB52B584E5900B78B48 /* QuestionStackUITests.swift */ = {isa = PBXFileReference; lastKnownFileType = sourcecode.swift; path = QuestionStackUITests.swift; sourceTree = "<group>"; };
		5FE8EAB72B584E5900B78B48 /* QuestionStackUITestsLaunchTests.swift */ = {isa = PBXFileReference; lastKnownFileType = sourcecode.swift; path = QuestionStackUITestsLaunchTests.swift; sourceTree = "<group>"; };
		5FE8EACE2B584FE700B78B48 /* HomeViewController.swift */ = {isa = PBXFileReference; lastKnownFileType = sourcecode.swift; path = HomeViewController.swift; sourceTree = "<group>"; };
		5FE8EAD32B585E6A00B78B48 /* NetworkManager.swift */ = {isa = PBXFileReference; lastKnownFileType = sourcecode.swift; path = NetworkManager.swift; sourceTree = "<group>"; };
		5FE8EAD52B585E8800B78B48 /* APIEndPoint.swift */ = {isa = PBXFileReference; lastKnownFileType = sourcecode.swift; path = APIEndPoint.swift; sourceTree = "<group>"; };
		5FE8EAD72B59062A00B78B48 /* QuestionModel.swift */ = {isa = PBXFileReference; lastKnownFileType = sourcecode.swift; path = QuestionModel.swift; sourceTree = "<group>"; };
		5FE8EADC2B591ECA00B78B48 /* QuestionAnswerModel.swift */ = {isa = PBXFileReference; lastKnownFileType = sourcecode.swift; path = QuestionAnswerModel.swift; sourceTree = "<group>"; };
		5FE8EADE2B59234900B78B48 /* HomeViewModel.swift */ = {isa = PBXFileReference; lastKnownFileType = sourcecode.swift; path = HomeViewModel.swift; sourceTree = "<group>"; };
		5FE8EAE52B5A33A200B78B48 /* HomeViewModelContracts.swift */ = {isa = PBXFileReference; lastKnownFileType = sourcecode.swift; path = HomeViewModelContracts.swift; sourceTree = "<group>"; };
		5FE8EAE72B5A61B500B78B48 /* AppTypealias.swift */ = {isa = PBXFileReference; lastKnownFileType = sourcecode.swift; path = AppTypealias.swift; sourceTree = "<group>"; };
		5FE8EAE92B5A648700B78B48 /* HomeTableViewCell.swift */ = {isa = PBXFileReference; lastKnownFileType = sourcecode.swift; path = HomeTableViewCell.swift; sourceTree = "<group>"; };
/* End PBXFileReference section */

/* Begin PBXFrameworksBuildPhase section */
		5FE8EA8E2B584E5800B78B48 /* Frameworks */ = {
			isa = PBXFrameworksBuildPhase;
			buildActionMask = 2147483647;
			files = (
				5FE8EAED2B5A98E800B78B48 /* SDWebImage in Frameworks */,
				5FE8EAD22B58504A00B78B48 /* SnapKit in Frameworks */,
			);
			runOnlyForDeploymentPostprocessing = 0;
		};
		5FE8EAA42B584E5900B78B48 /* Frameworks */ = {
			isa = PBXFrameworksBuildPhase;
			buildActionMask = 2147483647;
			files = (
			);
			runOnlyForDeploymentPostprocessing = 0;
		};
		5FE8EAAE2B584E5900B78B48 /* Frameworks */ = {
			isa = PBXFrameworksBuildPhase;
			buildActionMask = 2147483647;
			files = (
			);
			runOnlyForDeploymentPostprocessing = 0;
		};
/* End PBXFrameworksBuildPhase section */

/* Begin PBXGroup section */
		5FE8EA882B584E5800B78B48 = {
			isa = PBXGroup;
			children = (
				5FE8EA932B584E5800B78B48 /* QuestionStack */,
				5FE8EAAA2B584E5900B78B48 /* QuestionStackTests */,
				5FE8EAB42B584E5900B78B48 /* QuestionStackUITests */,
				5FE8EA922B584E5800B78B48 /* Products */,
			);
			sourceTree = "<group>";
		};
		5FE8EA922B584E5800B78B48 /* Products */ = {
			isa = PBXGroup;
			children = (
				5FE8EA912B584E5800B78B48 /* QuestionStack.app */,
				5FE8EAA72B584E5900B78B48 /* QuestionStackTests.xctest */,
				5FE8EAB12B584E5900B78B48 /* QuestionStackUITests.xctest */,
			);
			name = Products;
			sourceTree = "<group>";
		};
		5FE8EA932B584E5800B78B48 /* QuestionStack */ = {
			isa = PBXGroup;
			children = (
				5FE8EACB2B584F0000B78B48 /* Storage */,
				5FE8EAC82B584EDC00B78B48 /* Networking */,
				5FE8EAC72B584ED500B78B48 /* Model */,
				5FE8EACC2B584FAE00B78B48 /* Scenes */,
				5FE8EAC62B584ECE00B78B48 /* ViewModel */,
				5FE8EAC52B584EBF00B78B48 /* View */,
				5FE8EACA2B584EF500B78B48 /* Coordinator */,
				5FE8EAC42B584EB100B78B48 /* Support */,
				5FE8EAC92B584EEB00B78B48 /* Utils */,
			);
			path = QuestionStack;
			sourceTree = "<group>";
		};
		5FE8EAAA2B584E5900B78B48 /* QuestionStackTests */ = {
			isa = PBXGroup;
			children = (
				5FE8EAAB2B584E5900B78B48 /* QuestionStackTests.swift */,
			);
			path = QuestionStackTests;
			sourceTree = "<group>";
		};
		5FE8EAB42B584E5900B78B48 /* QuestionStackUITests */ = {
			isa = PBXGroup;
			children = (
				5FE8EAB52B584E5900B78B48 /* QuestionStackUITests.swift */,
				5FE8EAB72B584E5900B78B48 /* QuestionStackUITestsLaunchTests.swift */,
			);
			path = QuestionStackUITests;
			sourceTree = "<group>";
		};
		5FE8EAC42B584EB100B78B48 /* Support */ = {
			isa = PBXGroup;
			children = (
				5FE8EA942B584E5800B78B48 /* AppDelegate.swift */,
				5FE8EA962B584E5800B78B48 /* SceneDelegate.swift */,
				5FE8EA9F2B584E5900B78B48 /* LaunchScreen.storyboard */,
				5FE8EA9D2B584E5900B78B48 /* Assets.xcassets */,
				5FE8EAA22B584E5900B78B48 /* Info.plist */,
			);
			path = Support;
			sourceTree = "<group>";
		};
		5FE8EAC52B584EBF00B78B48 /* View */ = {
			isa = PBXGroup;
			children = (
			);
			path = View;
			sourceTree = "<group>";
		};
		5FE8EAC62B584ECE00B78B48 /* ViewModel */ = {
			isa = PBXGroup;
			children = (
			);
			path = ViewModel;
			sourceTree = "<group>";
		};
		5FE8EAC72B584ED500B78B48 /* Model */ = {
			isa = PBXGroup;
			children = (
				5FE8EAD72B59062A00B78B48 /* QuestionModel.swift */,
				5FE8EADC2B591ECA00B78B48 /* QuestionAnswerModel.swift */,
			);
			path = Model;
			sourceTree = "<group>";
		};
		5FE8EAC82B584EDC00B78B48 /* Networking */ = {
			isa = PBXGroup;
			children = (
				5FE8EAD32B585E6A00B78B48 /* NetworkManager.swift */,
				5FE8EAD52B585E8800B78B48 /* APIEndPoint.swift */,
			);
			path = Networking;
			sourceTree = "<group>";
		};
		5FE8EAC92B584EEB00B78B48 /* Utils */ = {
			isa = PBXGroup;
			children = (
				5FE8EAE72B5A61B500B78B48 /* AppTypealias.swift */,
			);
			path = Utils;
			sourceTree = "<group>";
		};
		5FE8EACA2B584EF500B78B48 /* Coordinator */ = {
			isa = PBXGroup;
			children = (
			);
			path = Coordinator;
			sourceTree = "<group>";
		};
		5FE8EACB2B584F0000B78B48 /* Storage */ = {
			isa = PBXGroup;
			children = (
			);
			path = Storage;
			sourceTree = "<group>";
		};
		5FE8EACC2B584FAE00B78B48 /* Scenes */ = {
			isa = PBXGroup;
			children = (
				5FE8EACD2B584FC000B78B48 /* HomeVC */,
			);
			path = Scenes;
			sourceTree = "<group>";
		};
		5FE8EACD2B584FC000B78B48 /* HomeVC */ = {
			isa = PBXGroup;
			children = (
				5FE8EAE42B5A330D00B78B48 /* Cell */,
				5FE8EAE32B5A330300B78B48 /* Views */,
				5FE8EAE22B5A32F900B78B48 /* HomeViewModel */,
			);
			path = HomeVC;
			sourceTree = "<group>";
		};
		5FE8EAE22B5A32F900B78B48 /* HomeViewModel */ = {
			isa = PBXGroup;
			children = (
				5FE8EAE52B5A33A200B78B48 /* HomeViewModelContracts.swift */,
				5FE8EADE2B59234900B78B48 /* HomeViewModel.swift */,
			);
			path = HomeViewModel;
			sourceTree = "<group>";
		};
		5FE8EAE32B5A330300B78B48 /* Views */ = {
			isa = PBXGroup;
			children = (
				5FE8EACE2B584FE700B78B48 /* HomeViewController.swift */,
			);
			path = Views;
			sourceTree = "<group>";
		};
		5FE8EAE42B5A330D00B78B48 /* Cell */ = {
			isa = PBXGroup;
			children = (
				5FE8EAE92B5A648700B78B48 /* HomeTableViewCell.swift */,
			);
			path = Cell;
			sourceTree = "<group>";
		};
/* End PBXGroup section */

/* Begin PBXNativeTarget section */
		5FE8EA902B584E5800B78B48 /* QuestionStack */ = {
			isa = PBXNativeTarget;
			buildConfigurationList = 5FE8EABB2B584E5900B78B48 /* Build configuration list for PBXNativeTarget "QuestionStack" */;
			buildPhases = (
				5FE8EA8D2B584E5800B78B48 /* Sources */,
				5FE8EA8E2B584E5800B78B48 /* Frameworks */,
				5FE8EA8F2B584E5800B78B48 /* Resources */,
			);
			buildRules = (
			);
			dependencies = (
			);
			name = QuestionStack;
			packageProductDependencies = (
				5FE8EAD12B58504A00B78B48 /* SnapKit */,
				5FE8EAEC2B5A98E800B78B48 /* SDWebImage */,
			);
			productName = QuestionStack;
			productReference = 5FE8EA912B584E5800B78B48 /* QuestionStack.app */;
			productType = "com.apple.product-type.application";
		};
		5FE8EAA62B584E5900B78B48 /* QuestionStackTests */ = {
			isa = PBXNativeTarget;
			buildConfigurationList = 5FE8EABE2B584E5900B78B48 /* Build configuration list for PBXNativeTarget "QuestionStackTests" */;
			buildPhases = (
				5FE8EAA32B584E5900B78B48 /* Sources */,
				5FE8EAA42B584E5900B78B48 /* Frameworks */,
				5FE8EAA52B584E5900B78B48 /* Resources */,
			);
			buildRules = (
			);
			dependencies = (
				5FE8EAA92B584E5900B78B48 /* PBXTargetDependency */,
			);
			name = QuestionStackTests;
			productName = QuestionStackTests;
			productReference = 5FE8EAA72B584E5900B78B48 /* QuestionStackTests.xctest */;
			productType = "com.apple.product-type.bundle.unit-test";
		};
		5FE8EAB02B584E5900B78B48 /* QuestionStackUITests */ = {
			isa = PBXNativeTarget;
			buildConfigurationList = 5FE8EAC12B584E5900B78B48 /* Build configuration list for PBXNativeTarget "QuestionStackUITests" */;
			buildPhases = (
				5FE8EAAD2B584E5900B78B48 /* Sources */,
				5FE8EAAE2B584E5900B78B48 /* Frameworks */,
				5FE8EAAF2B584E5900B78B48 /* Resources */,
			);
			buildRules = (
			);
			dependencies = (
				5FE8EAB32B584E5900B78B48 /* PBXTargetDependency */,
			);
			name = QuestionStackUITests;
			productName = QuestionStackUITests;
			productReference = 5FE8EAB12B584E5900B78B48 /* QuestionStackUITests.xctest */;
			productType = "com.apple.product-type.bundle.ui-testing";
		};
/* End PBXNativeTarget section */

/* Begin PBXProject section */
		5FE8EA892B584E5800B78B48 /* Project object */ = {
			isa = PBXProject;
			attributes = {
				BuildIndependentTargetsInParallel = 1;
				LastSwiftUpdateCheck = 1500;
				LastUpgradeCheck = 1500;
				TargetAttributes = {
					5FE8EA902B584E5800B78B48 = {
						CreatedOnToolsVersion = 15.0.1;
					};
					5FE8EAA62B584E5900B78B48 = {
						CreatedOnToolsVersion = 15.0.1;
						TestTargetID = 5FE8EA902B584E5800B78B48;
					};
					5FE8EAB02B584E5900B78B48 = {
						CreatedOnToolsVersion = 15.0.1;
						TestTargetID = 5FE8EA902B584E5800B78B48;
					};
				};
			};
			buildConfigurationList = 5FE8EA8C2B584E5800B78B48 /* Build configuration list for PBXProject "QuestionStack" */;
			compatibilityVersion = "Xcode 14.0";
			developmentRegion = en;
			hasScannedForEncodings = 0;
			knownRegions = (
				en,
				Base,
			);
			mainGroup = 5FE8EA882B584E5800B78B48;
			packageReferences = (
				5FE8EAD02B58504A00B78B48 /* XCRemoteSwiftPackageReference "SnapKit" */,
				5FE8EAEB2B5A98E800B78B48 /* XCRemoteSwiftPackageReference "SDWebImage" */,
			);
			productRefGroup = 5FE8EA922B584E5800B78B48 /* Products */;
			projectDirPath = "";
			projectRoot = "";
			targets = (
				5FE8EA902B584E5800B78B48 /* QuestionStack */,
				5FE8EAA62B584E5900B78B48 /* QuestionStackTests */,
				5FE8EAB02B584E5900B78B48 /* QuestionStackUITests */,
			);
		};
/* End PBXProject section */

/* Begin PBXResourcesBuildPhase section */
		5FE8EA8F2B584E5800B78B48 /* Resources */ = {
			isa = PBXResourcesBuildPhase;
			buildActionMask = 2147483647;
			files = (
				5FE8EAA12B584E5900B78B48 /* LaunchScreen.storyboard in Resources */,
				5FE8EA9E2B584E5900B78B48 /* Assets.xcassets in Resources */,
			);
			runOnlyForDeploymentPostprocessing = 0;
		};
		5FE8EAA52B584E5900B78B48 /* Resources */ = {
			isa = PBXResourcesBuildPhase;
			buildActionMask = 2147483647;
			files = (
			);
			runOnlyForDeploymentPostprocessing = 0;
		};
		5FE8EAAF2B584E5900B78B48 /* Resources */ = {
			isa = PBXResourcesBuildPhase;
			buildActionMask = 2147483647;
			files = (
			);
			runOnlyForDeploymentPostprocessing = 0;
		};
/* End PBXResourcesBuildPhase section */

/* Begin PBXSourcesBuildPhase section */
		5FE8EA8D2B584E5800B78B48 /* Sources */ = {
			isa = PBXSourcesBuildPhase;
			buildActionMask = 2147483647;
			files = (
				5FE8EAD42B585E6A00B78B48 /* NetworkManager.swift in Sources */,
				5FE8EADF2B59234900B78B48 /* HomeViewModel.swift in Sources */,
				5FE8EAD62B585E8800B78B48 /* APIEndPoint.swift in Sources */,
				5FE8EA952B584E5800B78B48 /* AppDelegate.swift in Sources */,
				5FE8EAE82B5A61B500B78B48 /* AppTypealias.swift in Sources */,
				5FE8EAEA2B5A648700B78B48 /* HomeTableViewCell.swift in Sources */,
				5FE8EAD82B59062A00B78B48 /* QuestionModel.swift in Sources */,
				5FE8EAE62B5A33A200B78B48 /* HomeViewModelContracts.swift in Sources */,
				5FE8EADD2B591ECA00B78B48 /* QuestionAnswerModel.swift in Sources */,
				5FE8EA972B584E5800B78B48 /* SceneDelegate.swift in Sources */,
				5FE8EACF2B584FE700B78B48 /* HomeViewController.swift in Sources */,
			);
			runOnlyForDeploymentPostprocessing = 0;
		};
		5FE8EAA32B584E5900B78B48 /* Sources */ = {
			isa = PBXSourcesBuildPhase;
			buildActionMask = 2147483647;
			files = (
				5FE8EAAC2B584E5900B78B48 /* QuestionStackTests.swift in Sources */,
			);
			runOnlyForDeploymentPostprocessing = 0;
		};
		5FE8EAAD2B584E5900B78B48 /* Sources */ = {
			isa = PBXSourcesBuildPhase;
			buildActionMask = 2147483647;
			files = (
				5FE8EAB62B584E5900B78B48 /* QuestionStackUITests.swift in Sources */,
				5FE8EAB82B584E5900B78B48 /* QuestionStackUITestsLaunchTests.swift in Sources */,
			);
			runOnlyForDeploymentPostprocessing = 0;
		};
/* End PBXSourcesBuildPhase section */

/* Begin PBXTargetDependency section */
		5FE8EAA92B584E5900B78B48 /* PBXTargetDependency */ = {
			isa = PBXTargetDependency;
			target = 5FE8EA902B584E5800B78B48 /* QuestionStack */;
			targetProxy = 5FE8EAA82B584E5900B78B48 /* PBXContainerItemProxy */;
		};
		5FE8EAB32B584E5900B78B48 /* PBXTargetDependency */ = {
			isa = PBXTargetDependency;
			target = 5FE8EA902B584E5800B78B48 /* QuestionStack */;
			targetProxy = 5FE8EAB22B584E5900B78B48 /* PBXContainerItemProxy */;
		};
/* End PBXTargetDependency section */

/* Begin PBXVariantGroup section */
		5FE8EA9F2B584E5900B78B48 /* LaunchScreen.storyboard */ = {
			isa = PBXVariantGroup;
			children = (
				5FE8EAA02B584E5900B78B48 /* Base */,
			);
			name = LaunchScreen.storyboard;
			sourceTree = "<group>";
		};
/* End PBXVariantGroup section */

/* Begin XCBuildConfiguration section */
		5FE8EAB92B584E5900B78B48 /* Debug */ = {
			isa = XCBuildConfiguration;
			buildSettings = {
				ALWAYS_SEARCH_USER_PATHS = NO;
				ASSETCATALOG_COMPILER_GENERATE_SWIFT_ASSET_SYMBOL_EXTENSIONS = YES;
				CLANG_ANALYZER_NONNULL = YES;
				CLANG_ANALYZER_NUMBER_OBJECT_CONVERSION = YES_AGGRESSIVE;
				CLANG_CXX_LANGUAGE_STANDARD = "gnu++20";
				CLANG_ENABLE_MODULES = YES;
				CLANG_ENABLE_OBJC_ARC = YES;
				CLANG_ENABLE_OBJC_WEAK = YES;
				CLANG_WARN_BLOCK_CAPTURE_AUTORELEASING = YES;
				CLANG_WARN_BOOL_CONVERSION = YES;
				CLANG_WARN_COMMA = YES;
				CLANG_WARN_CONSTANT_CONVERSION = YES;
				CLANG_WARN_DEPRECATED_OBJC_IMPLEMENTATIONS = YES;
				CLANG_WARN_DIRECT_OBJC_ISA_USAGE = YES_ERROR;
				CLANG_WARN_DOCUMENTATION_COMMENTS = YES;
				CLANG_WARN_EMPTY_BODY = YES;
				CLANG_WARN_ENUM_CONVERSION = YES;
				CLANG_WARN_INFINITE_RECURSION = YES;
				CLANG_WARN_INT_CONVERSION = YES;
				CLANG_WARN_NON_LITERAL_NULL_CONVERSION = YES;
				CLANG_WARN_OBJC_IMPLICIT_RETAIN_SELF = YES;
				CLANG_WARN_OBJC_LITERAL_CONVERSION = YES;
				CLANG_WARN_OBJC_ROOT_CLASS = YES_ERROR;
				CLANG_WARN_QUOTED_INCLUDE_IN_FRAMEWORK_HEADER = YES;
				CLANG_WARN_RANGE_LOOP_ANALYSIS = YES;
				CLANG_WARN_STRICT_PROTOTYPES = YES;
				CLANG_WARN_SUSPICIOUS_MOVE = YES;
				CLANG_WARN_UNGUARDED_AVAILABILITY = YES_AGGRESSIVE;
				CLANG_WARN_UNREACHABLE_CODE = YES;
				CLANG_WARN__DUPLICATE_METHOD_MATCH = YES;
				COPY_PHASE_STRIP = NO;
				DEBUG_INFORMATION_FORMAT = dwarf;
				ENABLE_STRICT_OBJC_MSGSEND = YES;
				ENABLE_TESTABILITY = YES;
				ENABLE_USER_SCRIPT_SANDBOXING = YES;
				GCC_C_LANGUAGE_STANDARD = gnu17;
				GCC_DYNAMIC_NO_PIC = NO;
				GCC_NO_COMMON_BLOCKS = YES;
				GCC_OPTIMIZATION_LEVEL = 0;
				GCC_PREPROCESSOR_DEFINITIONS = (
					"DEBUG=1",
					"$(inherited)",
				);
				GCC_WARN_64_TO_32_BIT_CONVERSION = YES;
				GCC_WARN_ABOUT_RETURN_TYPE = YES_ERROR;
				GCC_WARN_UNDECLARED_SELECTOR = YES;
				GCC_WARN_UNINITIALIZED_AUTOS = YES_AGGRESSIVE;
				GCC_WARN_UNUSED_FUNCTION = YES;
				GCC_WARN_UNUSED_VARIABLE = YES;
				IPHONEOS_DEPLOYMENT_TARGET = 17.0;
				LOCALIZATION_PREFERS_STRING_CATALOGS = YES;
				MTL_ENABLE_DEBUG_INFO = INCLUDE_SOURCE;
				MTL_FAST_MATH = YES;
				ONLY_ACTIVE_ARCH = YES;
				SDKROOT = iphoneos;
				SWIFT_ACTIVE_COMPILATION_CONDITIONS = "DEBUG $(inherited)";
				SWIFT_OPTIMIZATION_LEVEL = "-Onone";
			};
			name = Debug;
		};
		5FE8EABA2B584E5900B78B48 /* Release */ = {
			isa = XCBuildConfiguration;
			buildSettings = {
				ALWAYS_SEARCH_USER_PATHS = NO;
				ASSETCATALOG_COMPILER_GENERATE_SWIFT_ASSET_SYMBOL_EXTENSIONS = YES;
				CLANG_ANALYZER_NONNULL = YES;
				CLANG_ANALYZER_NUMBER_OBJECT_CONVERSION = YES_AGGRESSIVE;
				CLANG_CXX_LANGUAGE_STANDARD = "gnu++20";
				CLANG_ENABLE_MODULES = YES;
				CLANG_ENABLE_OBJC_ARC = YES;
				CLANG_ENABLE_OBJC_WEAK = YES;
				CLANG_WARN_BLOCK_CAPTURE_AUTORELEASING = YES;
				CLANG_WARN_BOOL_CONVERSION = YES;
				CLANG_WARN_COMMA = YES;
				CLANG_WARN_CONSTANT_CONVERSION = YES;
				CLANG_WARN_DEPRECATED_OBJC_IMPLEMENTATIONS = YES;
				CLANG_WARN_DIRECT_OBJC_ISA_USAGE = YES_ERROR;
				CLANG_WARN_DOCUMENTATION_COMMENTS = YES;
				CLANG_WARN_EMPTY_BODY = YES;
				CLANG_WARN_ENUM_CONVERSION = YES;
				CLANG_WARN_INFINITE_RECURSION = YES;
				CLANG_WARN_INT_CONVERSION = YES;
				CLANG_WARN_NON_LITERAL_NULL_CONVERSION = YES;
				CLANG_WARN_OBJC_IMPLICIT_RETAIN_SELF = YES;
				CLANG_WARN_OBJC_LITERAL_CONVERSION = YES;
				CLANG_WARN_OBJC_ROOT_CLASS = YES_ERROR;
				CLANG_WARN_QUOTED_INCLUDE_IN_FRAMEWORK_HEADER = YES;
				CLANG_WARN_RANGE_LOOP_ANALYSIS = YES;
				CLANG_WARN_STRICT_PROTOTYPES = YES;
				CLANG_WARN_SUSPICIOUS_MOVE = YES;
				CLANG_WARN_UNGUARDED_AVAILABILITY = YES_AGGRESSIVE;
				CLANG_WARN_UNREACHABLE_CODE = YES;
				CLANG_WARN__DUPLICATE_METHOD_MATCH = YES;
				COPY_PHASE_STRIP = NO;
				DEBUG_INFORMATION_FORMAT = "dwarf-with-dsym";
				ENABLE_NS_ASSERTIONS = NO;
				ENABLE_STRICT_OBJC_MSGSEND = YES;
				ENABLE_USER_SCRIPT_SANDBOXING = YES;
				GCC_C_LANGUAGE_STANDARD = gnu17;
				GCC_NO_COMMON_BLOCKS = YES;
				GCC_WARN_64_TO_32_BIT_CONVERSION = YES;
				GCC_WARN_ABOUT_RETURN_TYPE = YES_ERROR;
				GCC_WARN_UNDECLARED_SELECTOR = YES;
				GCC_WARN_UNINITIALIZED_AUTOS = YES_AGGRESSIVE;
				GCC_WARN_UNUSED_FUNCTION = YES;
				GCC_WARN_UNUSED_VARIABLE = YES;
				IPHONEOS_DEPLOYMENT_TARGET = 17.0;
				LOCALIZATION_PREFERS_STRING_CATALOGS = YES;
				MTL_ENABLE_DEBUG_INFO = NO;
				MTL_FAST_MATH = YES;
				SDKROOT = iphoneos;
				SWIFT_COMPILATION_MODE = wholemodule;
				VALIDATE_PRODUCT = YES;
			};
			name = Release;
		};
		5FE8EABC2B584E5900B78B48 /* Debug */ = {
			isa = XCBuildConfiguration;
			buildSettings = {
				ASSETCATALOG_COMPILER_APPICON_NAME = AppIcon;
				ASSETCATALOG_COMPILER_GLOBAL_ACCENT_COLOR_NAME = AccentColor;
				CODE_SIGN_STYLE = Automatic;
				CURRENT_PROJECT_VERSION = 1;
				DEVELOPMENT_TEAM = UKXQYP47Y9;
				GENERATE_INFOPLIST_FILE = YES;
				INFOPLIST_FILE = QuestionStack/Support/Info.plist;
				INFOPLIST_KEY_UIApplicationSupportsIndirectInputEvents = YES;
				INFOPLIST_KEY_UILaunchStoryboardName = LaunchScreen;
				INFOPLIST_KEY_UISupportedInterfaceOrientations_iPad = "UIInterfaceOrientationPortrait UIInterfaceOrientationPortraitUpsideDown UIInterfaceOrientationLandscapeLeft UIInterfaceOrientationLandscapeRight";
				INFOPLIST_KEY_UISupportedInterfaceOrientations_iPhone = "UIInterfaceOrientationPortrait UIInterfaceOrientationLandscapeLeft UIInterfaceOrientationLandscapeRight";
				LD_RUNPATH_SEARCH_PATHS = (
					"$(inherited)",
					"@executable_path/Frameworks",
				);
				MARKETING_VERSION = 1.0;
				PRODUCT_BUNDLE_IDENTIFIER = com.tahaturan.testone.QuestionStack;
				PRODUCT_NAME = "$(TARGET_NAME)";
				SWIFT_EMIT_LOC_STRINGS = YES;
				SWIFT_VERSION = 5.0;
				TARGETED_DEVICE_FAMILY = "1,2";
			};
			name = Debug;
		};
		5FE8EABD2B584E5900B78B48 /* Release */ = {
			isa = XCBuildConfiguration;
			buildSettings = {
				ASSETCATALOG_COMPILER_APPICON_NAME = AppIcon;
				ASSETCATALOG_COMPILER_GLOBAL_ACCENT_COLOR_NAME = AccentColor;
				CODE_SIGN_STYLE = Automatic;
				CURRENT_PROJECT_VERSION = 1;
				DEVELOPMENT_TEAM = UKXQYP47Y9;
				GENERATE_INFOPLIST_FILE = YES;
				INFOPLIST_FILE = QuestionStack/Support/Info.plist;
				INFOPLIST_KEY_UIApplicationSupportsIndirectInputEvents = YES;
				INFOPLIST_KEY_UILaunchStoryboardName = LaunchScreen;
				INFOPLIST_KEY_UISupportedInterfaceOrientations_iPad = "UIInterfaceOrientationPortrait UIInterfaceOrientationPortraitUpsideDown UIInterfaceOrientationLandscapeLeft UIInterfaceOrientationLandscapeRight";
				INFOPLIST_KEY_UISupportedInterfaceOrientations_iPhone = "UIInterfaceOrientationPortrait UIInterfaceOrientationLandscapeLeft UIInterfaceOrientationLandscapeRight";
				LD_RUNPATH_SEARCH_PATHS = (
					"$(inherited)",
					"@executable_path/Frameworks",
				);
				MARKETING_VERSION = 1.0;
				PRODUCT_BUNDLE_IDENTIFIER = com.tahaturan.testone.QuestionStack;
				PRODUCT_NAME = "$(TARGET_NAME)";
				SWIFT_EMIT_LOC_STRINGS = YES;
				SWIFT_VERSION = 5.0;
				TARGETED_DEVICE_FAMILY = "1,2";
			};
			name = Release;
		};
		5FE8EABF2B584E5900B78B48 /* Debug */ = {
			isa = XCBuildConfiguration;
			buildSettings = {
				ALWAYS_EMBED_SWIFT_STANDARD_LIBRARIES = YES;
				BUNDLE_LOADER = "$(TEST_HOST)";
				CODE_SIGN_STYLE = Automatic;
				CURRENT_PROJECT_VERSION = 1;
				DEVELOPMENT_TEAM = UKXQYP47Y9;
				GENERATE_INFOPLIST_FILE = YES;
				IPHONEOS_DEPLOYMENT_TARGET = 17.0;
				MARKETING_VERSION = 1.0;
				PRODUCT_BUNDLE_IDENTIFIER = com.tahaturan.testone.QuestionStackTests;
				PRODUCT_NAME = "$(TARGET_NAME)";
				SWIFT_EMIT_LOC_STRINGS = NO;
				SWIFT_VERSION = 5.0;
				TARGETED_DEVICE_FAMILY = "1,2";
				TEST_HOST = "$(BUILT_PRODUCTS_DIR)/QuestionStack.app/$(BUNDLE_EXECUTABLE_FOLDER_PATH)/QuestionStack";
			};
			name = Debug;
		};
		5FE8EAC02B584E5900B78B48 /* Release */ = {
			isa = XCBuildConfiguration;
			buildSettings = {
				ALWAYS_EMBED_SWIFT_STANDARD_LIBRARIES = YES;
				BUNDLE_LOADER = "$(TEST_HOST)";
				CODE_SIGN_STYLE = Automatic;
				CURRENT_PROJECT_VERSION = 1;
				DEVELOPMENT_TEAM = UKXQYP47Y9;
				GENERATE_INFOPLIST_FILE = YES;
				IPHONEOS_DEPLOYMENT_TARGET = 17.0;
				MARKETING_VERSION = 1.0;
				PRODUCT_BUNDLE_IDENTIFIER = com.tahaturan.testone.QuestionStackTests;
				PRODUCT_NAME = "$(TARGET_NAME)";
				SWIFT_EMIT_LOC_STRINGS = NO;
				SWIFT_VERSION = 5.0;
				TARGETED_DEVICE_FAMILY = "1,2";
				TEST_HOST = "$(BUILT_PRODUCTS_DIR)/QuestionStack.app/$(BUNDLE_EXECUTABLE_FOLDER_PATH)/QuestionStack";
			};
			name = Release;
		};
		5FE8EAC22B584E5900B78B48 /* Debug */ = {
			isa = XCBuildConfiguration;
			buildSettings = {
				ALWAYS_EMBED_SWIFT_STANDARD_LIBRARIES = YES;
				CODE_SIGN_STYLE = Automatic;
				CURRENT_PROJECT_VERSION = 1;
				DEVELOPMENT_TEAM = UKXQYP47Y9;
				GENERATE_INFOPLIST_FILE = YES;
				MARKETING_VERSION = 1.0;
				PRODUCT_BUNDLE_IDENTIFIER = com.tahaturan.testone.QuestionStackUITests;
				PRODUCT_NAME = "$(TARGET_NAME)";
				SWIFT_EMIT_LOC_STRINGS = NO;
				SWIFT_VERSION = 5.0;
				TARGETED_DEVICE_FAMILY = "1,2";
				TEST_TARGET_NAME = QuestionStack;
			};
			name = Debug;
		};
		5FE8EAC32B584E5900B78B48 /* Release */ = {
			isa = XCBuildConfiguration;
			buildSettings = {
				ALWAYS_EMBED_SWIFT_STANDARD_LIBRARIES = YES;
				CODE_SIGN_STYLE = Automatic;
				CURRENT_PROJECT_VERSION = 1;
				DEVELOPMENT_TEAM = UKXQYP47Y9;
				GENERATE_INFOPLIST_FILE = YES;
				MARKETING_VERSION = 1.0;
				PRODUCT_BUNDLE_IDENTIFIER = com.tahaturan.testone.QuestionStackUITests;
				PRODUCT_NAME = "$(TARGET_NAME)";
				SWIFT_EMIT_LOC_STRINGS = NO;
				SWIFT_VERSION = 5.0;
				TARGETED_DEVICE_FAMILY = "1,2";
				TEST_TARGET_NAME = QuestionStack;
			};
			name = Release;
		};
/* End XCBuildConfiguration section */

/* Begin XCConfigurationList section */
		5FE8EA8C2B584E5800B78B48 /* Build configuration list for PBXProject "QuestionStack" */ = {
			isa = XCConfigurationList;
			buildConfigurations = (
				5FE8EAB92B584E5900B78B48 /* Debug */,
				5FE8EABA2B584E5900B78B48 /* Release */,
			);
			defaultConfigurationIsVisible = 0;
			defaultConfigurationName = Release;
		};
		5FE8EABB2B584E5900B78B48 /* Build configuration list for PBXNativeTarget "QuestionStack" */ = {
			isa = XCConfigurationList;
			buildConfigurations = (
				5FE8EABC2B584E5900B78B48 /* Debug */,
				5FE8EABD2B584E5900B78B48 /* Release */,
			);
			defaultConfigurationIsVisible = 0;
			defaultConfigurationName = Release;
		};
		5FE8EABE2B584E5900B78B48 /* Build configuration list for PBXNativeTarget "QuestionStackTests" */ = {
			isa = XCConfigurationList;
			buildConfigurations = (
				5FE8EABF2B584E5900B78B48 /* Debug */,
				5FE8EAC02B584E5900B78B48 /* Release */,
			);
			defaultConfigurationIsVisible = 0;
			defaultConfigurationName = Release;
		};
		5FE8EAC12B584E5900B78B48 /* Build configuration list for PBXNativeTarget "QuestionStackUITests" */ = {
			isa = XCConfigurationList;
			buildConfigurations = (
				5FE8EAC22B584E5900B78B48 /* Debug */,
				5FE8EAC32B584E5900B78B48 /* Release */,
			);
			defaultConfigurationIsVisible = 0;
			defaultConfigurationName = Release;
		};
/* End XCConfigurationList section */

/* Begin XCRemoteSwiftPackageReference section */
		5FE8EAD02B58504A00B78B48 /* XCRemoteSwiftPackageReference "SnapKit" */ = {
			isa = XCRemoteSwiftPackageReference;
			repositoryURL = "https://github.com/SnapKit/SnapKit";
			requirement = {
				kind = upToNextMajorVersion;
				minimumVersion = 5.7.0;
			};
		};
		5FE8EAEB2B5A98E800B78B48 /* XCRemoteSwiftPackageReference "SDWebImage" */ = {
			isa = XCRemoteSwiftPackageReference;
			repositoryURL = "https://github.com/SDWebImage/SDWebImage";
			requirement = {
				kind = upToNextMajorVersion;
				minimumVersion = 5.18.10;
			};
		};
/* End XCRemoteSwiftPackageReference section */

/* Begin XCSwiftPackageProductDependency section */
		5FE8EAD12B58504A00B78B48 /* SnapKit */ = {
			isa = XCSwiftPackageProductDependency;
			package = 5FE8EAD02B58504A00B78B48 /* XCRemoteSwiftPackageReference "SnapKit" */;
			productName = SnapKit;
		};
		5FE8EAEC2B5A98E800B78B48 /* SDWebImage */ = {
			isa = XCSwiftPackageProductDependency;
			package = 5FE8EAEB2B5A98E800B78B48 /* XCRemoteSwiftPackageReference "SDWebImage" */;
			productName = SDWebImage;
		};
/* End XCSwiftPackageProductDependency section */
	};
	rootObject = 5FE8EA892B584E5800B78B48 /* Project object */;
}
